// !$*UTF8*$!
{
	archiveVersion = 1;
	classes = {
	};
	objectVersion = 56;
	objects = {

/* Begin PBXBuildFile section */
		7E1EB62B29F97E140038C38B /* DogModel.swift in Sources */ = {isa = PBXBuildFile; fileRef = 7E1EB62A29F97E140038C38B /* DogModel.swift */; };
		7EB6219429F6C90200B91B70 /* AppDelegate.swift in Sources */ = {isa = PBXBuildFile; fileRef = 7EB6219329F6C90200B91B70 /* AppDelegate.swift */; };
		7EB6219629F6C90200B91B70 /* SceneDelegate.swift in Sources */ = {isa = PBXBuildFile; fileRef = 7EB6219529F6C90200B91B70 /* SceneDelegate.swift */; };
		7EB6219829F6C90200B91B70 /* ViewController.swift in Sources */ = {isa = PBXBuildFile; fileRef = 7EB6219729F6C90200B91B70 /* ViewController.swift */; };
		7EB6219B29F6C90200B91B70 /* Main.storyboard in Resources */ = {isa = PBXBuildFile; fileRef = 7EB6219929F6C90200B91B70 /* Main.storyboard */; };
		7EB6219D29F6C90400B91B70 /* Assets.xcassets in Resources */ = {isa = PBXBuildFile; fileRef = 7EB6219C29F6C90400B91B70 /* Assets.xcassets */; };
		7EB621A029F6C90400B91B70 /* LaunchScreen.storyboard in Resources */ = {isa = PBXBuildFile; fileRef = 7EB6219E29F6C90400B91B70 /* LaunchScreen.storyboard */; };
		7EB621AB29F6C90400B91B70 /* Rep_APITests.swift in Sources */ = {isa = PBXBuildFile; fileRef = 7EB621AA29F6C90400B91B70 /* Rep_APITests.swift */; };
		7EB621B529F6C90400B91B70 /* Rep_APIUITests.swift in Sources */ = {isa = PBXBuildFile; fileRef = 7EB621B429F6C90400B91B70 /* Rep_APIUITests.swift */; };
		7EB621B729F6C90400B91B70 /* Rep_APIUITestsLaunchTests.swift in Sources */ = {isa = PBXBuildFile; fileRef = 7EB621B629F6C90400B91B70 /* Rep_APIUITestsLaunchTests.swift */; };
		7EB621C429F6CBC500B91B70 /* DogViewController.swift in Sources */ = {isa = PBXBuildFile; fileRef = 7EB621C329F6CBC500B91B70 /* DogViewController.swift */; };
		7EB621C629F6CEA900B91B70 /* RepTableViewController.swift in Sources */ = {isa = PBXBuildFile; fileRef = 7EB621C529F6CEA900B91B70 /* RepTableViewController.swift */; };
		7EB621C829F6D6F600B91B70 /* RepModel.swift in Sources */ = {isa = PBXBuildFile; fileRef = 7EB621C729F6D6F600B91B70 /* RepModel.swift */; };
		7EB621CA29F6D78500B91B70 /* FetchImageDataFromURL.swift in Sources */ = {isa = PBXBuildFile; fileRef = 7EB621C929F6D78500B91B70 /* FetchImageDataFromURL.swift */; };
		7EB621CC29F6D7AB00B91B70 /* DogAPIController.swift in Sources */ = {isa = PBXBuildFile; fileRef = 7EB621CB29F6D7AB00B91B70 /* DogAPIController.swift */; };
		7EB621CE29F6D7B300B91B70 /* RepAPIController.swift in Sources */ = {isa = PBXBuildFile; fileRef = 7EB621CD29F6D7B300B91B70 /* RepAPIController.swift */; };
		7EF2D20729F9709800B745E5 /* RepTableViewCell.swift in Sources */ = {isa = PBXBuildFile; fileRef = 7EF2D20629F9709800B745E5 /* RepTableViewCell.swift */; };
/* End PBXBuildFile section */

/* Begin PBXContainerItemProxy section */
		7EB621A729F6C90400B91B70 /* PBXContainerItemProxy */ = {
			isa = PBXContainerItemProxy;
			containerPortal = 7EB6218829F6C90200B91B70 /* Project object */;
			proxyType = 1;
			remoteGlobalIDString = 7EB6218F29F6C90200B91B70;
			remoteInfo = "Rep API";
		};
		7EB621B129F6C90400B91B70 /* PBXContainerItemProxy */ = {
			isa = PBXContainerItemProxy;
			containerPortal = 7EB6218829F6C90200B91B70 /* Project object */;
			proxyType = 1;
			remoteGlobalIDString = 7EB6218F29F6C90200B91B70;
			remoteInfo = "Rep API";
		};
/* End PBXContainerItemProxy section */

/* Begin PBXFileReference section */
		7E1EB62A29F97E140038C38B /* DogModel.swift */ = {isa = PBXFileReference; lastKnownFileType = sourcecode.swift; path = DogModel.swift; sourceTree = "<group>"; };
		7EB6219029F6C90200B91B70 /* Rep API.app */ = {isa = PBXFileReference; explicitFileType = wrapper.application; includeInIndex = 0; path = "Rep API.app"; sourceTree = BUILT_PRODUCTS_DIR; };
		7EB6219329F6C90200B91B70 /* AppDelegate.swift */ = {isa = PBXFileReference; lastKnownFileType = sourcecode.swift; path = AppDelegate.swift; sourceTree = "<group>"; };
		7EB6219529F6C90200B91B70 /* SceneDelegate.swift */ = {isa = PBXFileReference; lastKnownFileType = sourcecode.swift; path = SceneDelegate.swift; sourceTree = "<group>"; };
		7EB6219729F6C90200B91B70 /* ViewController.swift */ = {isa = PBXFileReference; lastKnownFileType = sourcecode.swift; path = ViewController.swift; sourceTree = "<group>"; };
		7EB6219A29F6C90200B91B70 /* Base */ = {isa = PBXFileReference; lastKnownFileType = file.storyboard; name = Base; path = Base.lproj/Main.storyboard; sourceTree = "<group>"; };
		7EB6219C29F6C90400B91B70 /* Assets.xcassets */ = {isa = PBXFileReference; lastKnownFileType = folder.assetcatalog; path = Assets.xcassets; sourceTree = "<group>"; };
		7EB6219F29F6C90400B91B70 /* Base */ = {isa = PBXFileReference; lastKnownFileType = file.storyboard; name = Base; path = Base.lproj/LaunchScreen.storyboard; sourceTree = "<group>"; };
		7EB621A129F6C90400B91B70 /* Info.plist */ = {isa = PBXFileReference; lastKnownFileType = text.plist.xml; path = Info.plist; sourceTree = "<group>"; };
		7EB621A629F6C90400B91B70 /* Rep APITests.xctest */ = {isa = PBXFileReference; explicitFileType = wrapper.cfbundle; includeInIndex = 0; path = "Rep APITests.xctest"; sourceTree = BUILT_PRODUCTS_DIR; };
		7EB621AA29F6C90400B91B70 /* Rep_APITests.swift */ = {isa = PBXFileReference; lastKnownFileType = sourcecode.swift; path = Rep_APITests.swift; sourceTree = "<group>"; };
		7EB621B029F6C90400B91B70 /* Rep APIUITests.xctest */ = {isa = PBXFileReference; explicitFileType = wrapper.cfbundle; includeInIndex = 0; path = "Rep APIUITests.xctest"; sourceTree = BUILT_PRODUCTS_DIR; };
		7EB621B429F6C90400B91B70 /* Rep_APIUITests.swift */ = {isa = PBXFileReference; lastKnownFileType = sourcecode.swift; path = Rep_APIUITests.swift; sourceTree = "<group>"; };
		7EB621B629F6C90400B91B70 /* Rep_APIUITestsLaunchTests.swift */ = {isa = PBXFileReference; lastKnownFileType = sourcecode.swift; path = Rep_APIUITestsLaunchTests.swift; sourceTree = "<group>"; };
		7EB621C329F6CBC500B91B70 /* DogViewController.swift */ = {isa = PBXFileReference; lastKnownFileType = sourcecode.swift; path = DogViewController.swift; sourceTree = "<group>"; };
		7EB621C529F6CEA900B91B70 /* RepTableViewController.swift */ = {isa = PBXFileReference; lastKnownFileType = sourcecode.swift; path = RepTableViewController.swift; sourceTree = "<group>"; };
		7EB621C729F6D6F600B91B70 /* RepModel.swift */ = {isa = PBXFileReference; lastKnownFileType = sourcecode.swift; path = RepModel.swift; sourceTree = "<group>"; };
		7EB621C929F6D78500B91B70 /* FetchImageDataFromURL.swift */ = {isa = PBXFileReference; lastKnownFileType = sourcecode.swift; path = FetchImageDataFromURL.swift; sourceTree = "<group>"; };
		7EB621CB29F6D7AB00B91B70 /* DogAPIController.swift */ = {isa = PBXFileReference; lastKnownFileType = sourcecode.swift; path = DogAPIController.swift; sourceTree = "<group>"; };
		7EB621CD29F6D7B300B91B70 /* RepAPIController.swift */ = {isa = PBXFileReference; lastKnownFileType = sourcecode.swift; path = RepAPIController.swift; sourceTree = "<group>"; };
		7EF2D20629F9709800B745E5 /* RepTableViewCell.swift */ = {isa = PBXFileReference; lastKnownFileType = sourcecode.swift; path = RepTableViewCell.swift; sourceTree = "<group>"; };
/* End PBXFileReference section */

/* Begin PBXFrameworksBuildPhase section */
		7EB6218D29F6C90200B91B70 /* Frameworks */ = {
			isa = PBXFrameworksBuildPhase;
			buildActionMask = 2147483647;
			files = (
			);
			runOnlyForDeploymentPostprocessing = 0;
		};
		7EB621A329F6C90400B91B70 /* Frameworks */ = {
			isa = PBXFrameworksBuildPhase;
			buildActionMask = 2147483647;
			files = (
			);
			runOnlyForDeploymentPostprocessing = 0;
		};
		7EB621AD29F6C90400B91B70 /* Frameworks */ = {
			isa = PBXFrameworksBuildPhase;
			buildActionMask = 2147483647;
			files = (
			);
			runOnlyForDeploymentPostprocessing = 0;
		};
/* End PBXFrameworksBuildPhase section */

/* Begin PBXGroup section */
		7E1EB62929F97DFA0038C38B /* Models */ = {
			isa = PBXGroup;
			children = (
				7EB621C729F6D6F600B91B70 /* RepModel.swift */,
				7E1EB62A29F97E140038C38B /* DogModel.swift */,
			);
			path = Models;
			sourceTree = "<group>";
		};
		7EB6218729F6C90200B91B70 = {
			isa = PBXGroup;
			children = (
				7E1EB62929F97DFA0038C38B /* Models */,
				7EB6219229F6C90200B91B70 /* Rep API */,
				7EB621A929F6C90400B91B70 /* Rep APITests */,
				7EB621B329F6C90400B91B70 /* Rep APIUITests */,
				7EB6219129F6C90200B91B70 /* Products */,
			);
			sourceTree = "<group>";
		};
		7EB6219129F6C90200B91B70 /* Products */ = {
			isa = PBXGroup;
			children = (
				7EB6219029F6C90200B91B70 /* Rep API.app */,
				7EB621A629F6C90400B91B70 /* Rep APITests.xctest */,
				7EB621B029F6C90400B91B70 /* Rep APIUITests.xctest */,
			);
			name = Products;
			sourceTree = "<group>";
		};
		7EB6219229F6C90200B91B70 /* Rep API */ = {
			isa = PBXGroup;
			children = (
				7EB6219329F6C90200B91B70 /* AppDelegate.swift */,
				7EB6219529F6C90200B91B70 /* SceneDelegate.swift */,
				7EB6219729F6C90200B91B70 /* ViewController.swift */,
				7EB6219929F6C90200B91B70 /* Main.storyboard */,
				7EB621C329F6CBC500B91B70 /* DogViewController.swift */,
				7EB621C529F6CEA900B91B70 /* RepTableViewController.swift */,
				7EB621C929F6D78500B91B70 /* FetchImageDataFromURL.swift */,
				7EB621CB29F6D7AB00B91B70 /* DogAPIController.swift */,
				7EB621CD29F6D7B300B91B70 /* RepAPIController.swift */,
				7EF2D20629F9709800B745E5 /* RepTableViewCell.swift */,
				7EB6219C29F6C90400B91B70 /* Assets.xcassets */,
				7EB6219E29F6C90400B91B70 /* LaunchScreen.storyboard */,
				7EB621A129F6C90400B91B70 /* Info.plist */,
			);
			path = "Rep API";
			sourceTree = "<group>";
		};
		7EB621A929F6C90400B91B70 /* Rep APITests */ = {
			isa = PBXGroup;
			children = (
				7EB621AA29F6C90400B91B70 /* Rep_APITests.swift */,
			);
			path = "Rep APITests";
			sourceTree = "<group>";
		};
		7EB621B329F6C90400B91B70 /* Rep APIUITests */ = {
			isa = PBXGroup;
			children = (
				7EB621B429F6C90400B91B70 /* Rep_APIUITests.swift */,
				7EB621B629F6C90400B91B70 /* Rep_APIUITestsLaunchTests.swift */,
			);
			path = "Rep APIUITests";
			sourceTree = "<group>";
		};
/* End PBXGroup section */

/* Begin PBXNativeTarget section */
		7EB6218F29F6C90200B91B70 /* Rep API */ = {
			isa = PBXNativeTarget;
			buildConfigurationList = 7EB621BA29F6C90400B91B70 /* Build configuration list for PBXNativeTarget "Rep API" */;
			buildPhases = (
				7EB6218C29F6C90200B91B70 /* Sources */,
				7EB6218D29F6C90200B91B70 /* Frameworks */,
				7EB6218E29F6C90200B91B70 /* Resources */,
			);
			buildRules = (
			);
			dependencies = (
			);
			name = "Rep API";
			productName = "Rep API";
			productReference = 7EB6219029F6C90200B91B70 /* Rep API.app */;
			productType = "com.apple.product-type.application";
		};
		7EB621A529F6C90400B91B70 /* Rep APITests */ = {
			isa = PBXNativeTarget;
			buildConfigurationList = 7EB621BD29F6C90400B91B70 /* Build configuration list for PBXNativeTarget "Rep APITests" */;
			buildPhases = (
				7EB621A229F6C90400B91B70 /* Sources */,
				7EB621A329F6C90400B91B70 /* Frameworks */,
				7EB621A429F6C90400B91B70 /* Resources */,
			);
			buildRules = (
			);
			dependencies = (
				7EB621A829F6C90400B91B70 /* PBXTargetDependency */,
			);
			name = "Rep APITests";
			productName = "Rep APITests";
			productReference = 7EB621A629F6C90400B91B70 /* Rep APITests.xctest */;
			productType = "com.apple.product-type.bundle.unit-test";
		};
		7EB621AF29F6C90400B91B70 /* Rep APIUITests */ = {
			isa = PBXNativeTarget;
			buildConfigurationList = 7EB621C029F6C90400B91B70 /* Build configuration list for PBXNativeTarget "Rep APIUITests" */;
			buildPhases = (
				7EB621AC29F6C90400B91B70 /* Sources */,
				7EB621AD29F6C90400B91B70 /* Frameworks */,
				7EB621AE29F6C90400B91B70 /* Resources */,
			);
			buildRules = (
			);
			dependencies = (
				7EB621B229F6C90400B91B70 /* PBXTargetDependency */,
			);
			name = "Rep APIUITests";
			productName = "Rep APIUITests";
			productReference = 7EB621B029F6C90400B91B70 /* Rep APIUITests.xctest */;
			productType = "com.apple.product-type.bundle.ui-testing";
		};
/* End PBXNativeTarget section */

/* Begin PBXProject section */
		7EB6218829F6C90200B91B70 /* Project object */ = {
			isa = PBXProject;
			attributes = {
				BuildIndependentTargetsInParallel = 1;
				LastSwiftUpdateCheck = 1430;
				LastUpgradeCheck = 1430;
				TargetAttributes = {
					7EB6218F29F6C90200B91B70 = {
						CreatedOnToolsVersion = 14.3;
					};
					7EB621A529F6C90400B91B70 = {
						CreatedOnToolsVersion = 14.3;
						TestTargetID = 7EB6218F29F6C90200B91B70;
					};
					7EB621AF29F6C90400B91B70 = {
						CreatedOnToolsVersion = 14.3;
						TestTargetID = 7EB6218F29F6C90200B91B70;
					};
				};
			};
			buildConfigurationList = 7EB6218B29F6C90200B91B70 /* Build configuration list for PBXProject "Rep API" */;
			compatibilityVersion = "Xcode 14.0";
			developmentRegion = en;
			hasScannedForEncodings = 0;
			knownRegions = (
				en,
				Base,
			);
			mainGroup = 7EB6218729F6C90200B91B70;
			productRefGroup = 7EB6219129F6C90200B91B70 /* Products */;
			projectDirPath = "";
			projectRoot = "";
			targets = (
				7EB6218F29F6C90200B91B70 /* Rep API */,
				7EB621A529F6C90400B91B70 /* Rep APITests */,
				7EB621AF29F6C90400B91B70 /* Rep APIUITests */,
			);
		};
/* End PBXProject section */

/* Begin PBXResourcesBuildPhase section */
		7EB6218E29F6C90200B91B70 /* Resources */ = {
			isa = PBXResourcesBuildPhase;
			buildActionMask = 2147483647;
			files = (
				7EB621A029F6C90400B91B70 /* LaunchScreen.storyboard in Resources */,
				7EB6219D29F6C90400B91B70 /* Assets.xcassets in Resources */,
				7EB6219B29F6C90200B91B70 /* Main.storyboard in Resources */,
			);
			runOnlyForDeploymentPostprocessing = 0;
		};
		7EB621A429F6C90400B91B70 /* Resources */ = {
			isa = PBXResourcesBuildPhase;
			buildActionMask = 2147483647;
			files = (
			);
			runOnlyForDeploymentPostprocessing = 0;
		};
		7EB621AE29F6C90400B91B70 /* Resources */ = {
			isa = PBXResourcesBuildPhase;
			buildActionMask = 2147483647;
			files = (
			);
			runOnlyForDeploymentPostprocessing = 0;
		};
/* End PBXResourcesBuildPhase section */

/* Begin PBXSourcesBuildPhase section */
		7EB6218C29F6C90200B91B70 /* Sources */ = {
			isa = PBXSourcesBuildPhase;
			buildActionMask = 2147483647;
			files = (
				7EB6219829F6C90200B91B70 /* ViewController.swift in Sources */,
				7EF2D20729F9709800B745E5 /* RepTableViewCell.swift in Sources */,
				7EB621CC29F6D7AB00B91B70 /* DogAPIController.swift in Sources */,
				7EB6219429F6C90200B91B70 /* AppDelegate.swift in Sources */,
				7EB621C629F6CEA900B91B70 /* RepTableViewController.swift in Sources */,
				7EB6219629F6C90200B91B70 /* SceneDelegate.swift in Sources */,
				7EB621CA29F6D78500B91B70 /* FetchImageDataFromURL.swift in Sources */,
				7EB621C429F6CBC500B91B70 /* DogViewController.swift in Sources */,
				7E1EB62B29F97E140038C38B /* DogModel.swift in Sources */,
				7EB621C829F6D6F600B91B70 /* RepModel.swift in Sources */,
				7EB621CE29F6D7B300B91B70 /* RepAPIController.swift in Sources */,
			);
			runOnlyForDeploymentPostprocessing = 0;
		};
		7EB621A229F6C90400B91B70 /* Sources */ = {
			isa = PBXSourcesBuildPhase;
			buildActionMask = 2147483647;
			files = (
				7EB621AB29F6C90400B91B70 /* Rep_APITests.swift in Sources */,
			);
			runOnlyForDeploymentPostprocessing = 0;
		};
		7EB621AC29F6C90400B91B70 /* Sources */ = {
			isa = PBXSourcesBuildPhase;
			buildActionMask = 2147483647;
			files = (
				7EB621B529F6C90400B91B70 /* Rep_APIUITests.swift in Sources */,
				7EB621B729F6C90400B91B70 /* Rep_APIUITestsLaunchTests.swift in Sources */,
			);
			runOnlyForDeploymentPostprocessing = 0;
		};
/* End PBXSourcesBuildPhase section */

/* Begin PBXTargetDependency section */
		7EB621A829F6C90400B91B70 /* PBXTargetDependency */ = {
			isa = PBXTargetDependency;
			target = 7EB6218F29F6C90200B91B70 /* Rep API */;
			targetProxy = 7EB621A729F6C90400B91B70 /* PBXContainerItemProxy */;
		};
		7EB621B229F6C90400B91B70 /* PBXTargetDependency */ = {
			isa = PBXTargetDependency;
			target = 7EB6218F29F6C90200B91B70 /* Rep API */;
			targetProxy = 7EB621B129F6C90400B91B70 /* PBXContainerItemProxy */;
		};
/* End PBXTargetDependency section */

/* Begin PBXVariantGroup section */
		7EB6219929F6C90200B91B70 /* Main.storyboard */ = {
			isa = PBXVariantGroup;
			children = (
				7EB6219A29F6C90200B91B70 /* Base */,
			);
			name = Main.storyboard;
			sourceTree = "<group>";
		};
		7EB6219E29F6C90400B91B70 /* LaunchScreen.storyboard */ = {
			isa = PBXVariantGroup;
			children = (
				7EB6219F29F6C90400B91B70 /* Base */,
			);
			name = LaunchScreen.storyboard;
			sourceTree = "<group>";
		};
/* End PBXVariantGroup section */

/* Begin XCBuildConfiguration section */
		7EB621B829F6C90400B91B70 /* Debug */ = {
			isa = XCBuildConfiguration;
			buildSettings = {
				ALWAYS_SEARCH_USER_PATHS = NO;
				CLANG_ANALYZER_NONNULL = YES;
				CLANG_ANALYZER_NUMBER_OBJECT_CONVERSION = YES_AGGRESSIVE;
				CLANG_CXX_LANGUAGE_STANDARD = "gnu++20";
				CLANG_ENABLE_MODULES = YES;
				CLANG_ENABLE_OBJC_ARC = YES;
				CLANG_ENABLE_OBJC_WEAK = YES;
				CLANG_WARN_BLOCK_CAPTURE_AUTORELEASING = YES;
				CLANG_WARN_BOOL_CONVERSION = YES;
				CLANG_WARN_COMMA = YES;
				CLANG_WARN_CONSTANT_CONVERSION = YES;
				CLANG_WARN_DEPRECATED_OBJC_IMPLEMENTATIONS = YES;
				CLANG_WARN_DIRECT_OBJC_ISA_USAGE = YES_ERROR;
				CLANG_WARN_DOCUMENTATION_COMMENTS = YES;
				CLANG_WARN_EMPTY_BODY = YES;
				CLANG_WARN_ENUM_CONVERSION = YES;
				CLANG_WARN_INFINITE_RECURSION = YES;
				CLANG_WARN_INT_CONVERSION = YES;
				CLANG_WARN_NON_LITERAL_NULL_CONVERSION = YES;
				CLANG_WARN_OBJC_IMPLICIT_RETAIN_SELF = YES;
				CLANG_WARN_OBJC_LITERAL_CONVERSION = YES;
				CLANG_WARN_OBJC_ROOT_CLASS = YES_ERROR;
				CLANG_WARN_QUOTED_INCLUDE_IN_FRAMEWORK_HEADER = YES;
				CLANG_WARN_RANGE_LOOP_ANALYSIS = YES;
				CLANG_WARN_STRICT_PROTOTYPES = YES;
				CLANG_WARN_SUSPICIOUS_MOVE = YES;
				CLANG_WARN_UNGUARDED_AVAILABILITY = YES_AGGRESSIVE;
				CLANG_WARN_UNREACHABLE_CODE = YES;
				CLANG_WARN__DUPLICATE_METHOD_MATCH = YES;
				COPY_PHASE_STRIP = NO;
				DEBUG_INFORMATION_FORMAT = dwarf;
				ENABLE_STRICT_OBJC_MSGSEND = YES;
				ENABLE_TESTABILITY = YES;
				GCC_C_LANGUAGE_STANDARD = gnu11;
				GCC_DYNAMIC_NO_PIC = NO;
				GCC_NO_COMMON_BLOCKS = YES;
				GCC_OPTIMIZATION_LEVEL = 0;
				GCC_PREPROCESSOR_DEFINITIONS = (
					"DEBUG=1",
					"$(inherited)",
				);
				GCC_WARN_64_TO_32_BIT_CONVERSION = YES;
				GCC_WARN_ABOUT_RETURN_TYPE = YES_ERROR;
				GCC_WARN_UNDECLARED_SELECTOR = YES;
				GCC_WARN_UNINITIALIZED_AUTOS = YES_AGGRESSIVE;
				GCC_WARN_UNUSED_FUNCTION = YES;
				GCC_WARN_UNUSED_VARIABLE = YES;
				IPHONEOS_DEPLOYMENT_TARGET = 16.4;
				MTL_ENABLE_DEBUG_INFO = INCLUDE_SOURCE;
				MTL_FAST_MATH = YES;
				ONLY_ACTIVE_ARCH = YES;
				SDKROOT = iphoneos;
				SWIFT_ACTIVE_COMPILATION_CONDITIONS = DEBUG;
				SWIFT_OPTIMIZATION_LEVEL = "-Onone";
			};
			name = Debug;
		};
		7EB621B929F6C90400B91B70 /* Release */ = {
			isa = XCBuildConfiguration;
			buildSettings = {
				ALWAYS_SEARCH_USER_PATHS = NO;
				CLANG_ANALYZER_NONNULL = YES;
				CLANG_ANALYZER_NUMBER_OBJECT_CONVERSION = YES_AGGRESSIVE;
				CLANG_CXX_LANGUAGE_STANDARD = "gnu++20";
				CLANG_ENABLE_MODULES = YES;
				CLANG_ENABLE_OBJC_ARC = YES;
				CLANG_ENABLE_OBJC_WEAK = YES;
				CLANG_WARN_BLOCK_CAPTURE_AUTORELEASING = YES;
				CLANG_WARN_BOOL_CONVERSION = YES;
				CLANG_WARN_COMMA = YES;
				CLANG_WARN_CONSTANT_CONVERSION = YES;
				CLANG_WARN_DEPRECATED_OBJC_IMPLEMENTATIONS = YES;
				CLANG_WARN_DIRECT_OBJC_ISA_USAGE = YES_ERROR;
				CLANG_WARN_DOCUMENTATION_COMMENTS = YES;
				CLANG_WARN_EMPTY_BODY = YES;
				CLANG_WARN_ENUM_CONVERSION = YES;
				CLANG_WARN_INFINITE_RECURSION = YES;
				CLANG_WARN_INT_CONVERSION = YES;
				CLANG_WARN_NON_LITERAL_NULL_CONVERSION = YES;
				CLANG_WARN_OBJC_IMPLICIT_RETAIN_SELF = YES;
				CLANG_WARN_OBJC_LITERAL_CONVERSION = YES;
				CLANG_WARN_OBJC_ROOT_CLASS = YES_ERROR;
				CLANG_WARN_QUOTED_INCLUDE_IN_FRAMEWORK_HEADER = YES;
				CLANG_WARN_RANGE_LOOP_ANALYSIS = YES;
				CLANG_WARN_STRICT_PROTOTYPES = YES;
				CLANG_WARN_SUSPICIOUS_MOVE = YES;
				CLANG_WARN_UNGUARDED_AVAILABILITY = YES_AGGRESSIVE;
				CLANG_WARN_UNREACHABLE_CODE = YES;
				CLANG_WARN__DUPLICATE_METHOD_MATCH = YES;
				COPY_PHASE_STRIP = NO;
				DEBUG_INFORMATION_FORMAT = "dwarf-with-dsym";
				ENABLE_NS_ASSERTIONS = NO;
				ENABLE_STRICT_OBJC_MSGSEND = YES;
				GCC_C_LANGUAGE_STANDARD = gnu11;
				GCC_NO_COMMON_BLOCKS = YES;
				GCC_WARN_64_TO_32_BIT_CONVERSION = YES;
				GCC_WARN_ABOUT_RETURN_TYPE = YES_ERROR;
				GCC_WARN_UNDECLARED_SELECTOR = YES;
				GCC_WARN_UNINITIALIZED_AUTOS = YES_AGGRESSIVE;
				GCC_WARN_UNUSED_FUNCTION = YES;
				GCC_WARN_UNUSED_VARIABLE = YES;
				IPHONEOS_DEPLOYMENT_TARGET = 16.4;
				MTL_ENABLE_DEBUG_INFO = NO;
				MTL_FAST_MATH = YES;
				SDKROOT = iphoneos;
				SWIFT_COMPILATION_MODE = wholemodule;
				SWIFT_OPTIMIZATION_LEVEL = "-O";
				VALIDATE_PRODUCT = YES;
			};
			name = Release;
		};
		7EB621BB29F6C90400B91B70 /* Debug */ = {
			isa = XCBuildConfiguration;
			buildSettings = {
				ASSETCATALOG_COMPILER_APPICON_NAME = AppIcon;
				ASSETCATALOG_COMPILER_GLOBAL_ACCENT_COLOR_NAME = AccentColor;
				CODE_SIGN_STYLE = Automatic;
				CURRENT_PROJECT_VERSION = 1;
				DEVELOPMENT_TEAM = P37BL29UZP;
				GENERATE_INFOPLIST_FILE = YES;
				INFOPLIST_FILE = "Rep API/Info.plist";
				INFOPLIST_KEY_UIApplicationSupportsIndirectInputEvents = YES;
				INFOPLIST_KEY_UILaunchStoryboardName = LaunchScreen;
				INFOPLIST_KEY_UIMainStoryboardFile = Main;
				INFOPLIST_KEY_UISupportedInterfaceOrientations_iPad = "UIInterfaceOrientationPortrait UIInterfaceOrientationPortraitUpsideDown UIInterfaceOrientationLandscapeLeft UIInterfaceOrientationLandscapeRight";
				INFOPLIST_KEY_UISupportedInterfaceOrientations_iPhone = "UIInterfaceOrientationPortrait UIInterfaceOrientationLandscapeLeft UIInterfaceOrientationLandscapeRight";
				LD_RUNPATH_SEARCH_PATHS = (
					"$(inherited)",
					"@executable_path/Frameworks",
				);
				MARKETING_VERSION = 1.0;
				PRODUCT_BUNDLE_IDENTIFIER = "m0resleepstudios.Rep-API";
				PRODUCT_NAME = "$(TARGET_NAME)";
				SWIFT_EMIT_LOC_STRINGS = YES;
				SWIFT_VERSION = 5.0;
				TARGETED_DEVICE_FAMILY = "1,2";
			};
			name = Debug;
		};
		7EB621BC29F6C90400B91B70 /* Release */ = {
			isa = XCBuildConfiguration;
			buildSettings = {
				ASSETCATALOG_COMPILER_APPICON_NAME = AppIcon;
				ASSETCATALOG_COMPILER_GLOBAL_ACCENT_COLOR_NAME = AccentColor;
				CODE_SIGN_STYLE = Automatic;
				CURRENT_PROJECT_VERSION = 1;
				DEVELOPMENT_TEAM = P37BL29UZP;
				GENERATE_INFOPLIST_FILE = YES;
				INFOPLIST_FILE = "Rep API/Info.plist";
				INFOPLIST_KEY_UIApplicationSupportsIndirectInputEvents = YES;
				INFOPLIST_KEY_UILaunchStoryboardName = LaunchScreen;
				INFOPLIST_KEY_UIMainStoryboardFile = Main;
				INFOPLIST_KEY_UISupportedInterfaceOrientations_iPad = "UIInterfaceOrientationPortrait UIInterfaceOrientationPortraitUpsideDown UIInterfaceOrientationLandscapeLeft UIInterfaceOrientationLandscapeRight";
				INFOPLIST_KEY_UISupportedInterfaceOrientations_iPhone = "UIInterfaceOrientationPortrait UIInterfaceOrientationLandscapeLeft UIInterfaceOrientationLandscapeRight";
				LD_RUNPATH_SEARCH_PATHS = (
					"$(inherited)",
					"@executable_path/Frameworks",
				);
				MARKETING_VERSION = 1.0;
				PRODUCT_BUNDLE_IDENTIFIER = "m0resleepstudios.Rep-API";
				PRODUCT_NAME = "$(TARGET_NAME)";
				SWIFT_EMIT_LOC_STRINGS = YES;
				SWIFT_VERSION = 5.0;
				TARGETED_DEVICE_FAMILY = "1,2";
			};
			name = Release;
		};
		7EB621BE29F6C90400B91B70 /* Debug */ = {
			isa = XCBuildConfiguration;
			buildSettings = {
				ALWAYS_EMBED_SWIFT_STANDARD_LIBRARIES = YES;
				BUNDLE_LOADER = "$(TEST_HOST)";
				CODE_SIGN_STYLE = Automatic;
				CURRENT_PROJECT_VERSION = 1;
				DEVELOPMENT_TEAM = P37BL29UZP;
				GENERATE_INFOPLIST_FILE = YES;
				IPHONEOS_DEPLOYMENT_TARGET = 16.4;
				MARKETING_VERSION = 1.0;
				PRODUCT_BUNDLE_IDENTIFIER = "m0resleepstudios.Rep-APITests";
				PRODUCT_NAME = "$(TARGET_NAME)";
				SWIFT_EMIT_LOC_STRINGS = NO;
				SWIFT_VERSION = 5.0;
				TARGETED_DEVICE_FAMILY = "1,2";
				TEST_HOST = "$(BUILT_PRODUCTS_DIR)/Rep API.app/$(BUNDLE_EXECUTABLE_FOLDER_PATH)/Rep API";
			};
			name = Debug;
		};
		7EB621BF29F6C90400B91B70 /* Release */ = {
			isa = XCBuildConfiguration;
			buildSettings = {
				ALWAYS_EMBED_SWIFT_STANDARD_LIBRARIES = YES;
				BUNDLE_LOADER = "$(TEST_HOST)";
				CODE_SIGN_STYLE = Automatic;
				CURRENT_PROJECT_VERSION = 1;
				DEVELOPMENT_TEAM = P37BL29UZP;
				GENERATE_INFOPLIST_FILE = YES;
				IPHONEOS_DEPLOYMENT_TARGET = 16.4;
				MARKETING_VERSION = 1.0;
				PRODUCT_BUNDLE_IDENTIFIER = "m0resleepstudios.Rep-APITests";
				PRODUCT_NAME = "$(TARGET_NAME)";
				SWIFT_EMIT_LOC_STRINGS = NO;
				SWIFT_VERSION = 5.0;
				TARGETED_DEVICE_FAMILY = "1,2";
				TEST_HOST = "$(BUILT_PRODUCTS_DIR)/Rep API.app/$(BUNDLE_EXECUTABLE_FOLDER_PATH)/Rep API";
			};
			name = Release;
		};
		7EB621C129F6C90400B91B70 /* Debug */ = {
			isa = XCBuildConfiguration;
			buildSettings = {
				ALWAYS_EMBED_SWIFT_STANDARD_LIBRARIES = YES;
				CODE_SIGN_STYLE = Automatic;
				CURRENT_PROJECT_VERSION = 1;
				DEVELOPMENT_TEAM = P37BL29UZP;
				GENERATE_INFOPLIST_FILE = YES;
				MARKETING_VERSION = 1.0;
				PRODUCT_BUNDLE_IDENTIFIER = "m0resleepstudios.Rep-APIUITests";
				PRODUCT_NAME = "$(TARGET_NAME)";
				SWIFT_EMIT_LOC_STRINGS = NO;
				SWIFT_VERSION = 5.0;
				TARGETED_DEVICE_FAMILY = "1,2";
				TEST_TARGET_NAME = "Rep API";
			};
			name = Debug;
		};
		7EB621C229F6C90400B91B70 /* Release */ = {
			isa = XCBuildConfiguration;
			buildSettings = {
				ALWAYS_EMBED_SWIFT_STANDARD_LIBRARIES = YES;
				CODE_SIGN_STYLE = Automatic;
				CURRENT_PROJECT_VERSION = 1;
				DEVELOPMENT_TEAM = P37BL29UZP;
				GENERATE_INFOPLIST_FILE = YES;
				MARKETING_VERSION = 1.0;
				PRODUCT_BUNDLE_IDENTIFIER = "m0resleepstudios.Rep-APIUITests";
				PRODUCT_NAME = "$(TARGET_NAME)";
				SWIFT_EMIT_LOC_STRINGS = NO;
				SWIFT_VERSION = 5.0;
				TARGETED_DEVICE_FAMILY = "1,2";
				TEST_TARGET_NAME = "Rep API";
			};
			name = Release;
		};
/* End XCBuildConfiguration section */

/* Begin XCConfigurationList section */
		7EB6218B29F6C90200B91B70 /* Build configuration list for PBXProject "Rep API" */ = {
			isa = XCConfigurationList;
			buildConfigurations = (
				7EB621B829F6C90400B91B70 /* Debug */,
				7EB621B929F6C90400B91B70 /* Release */,
			);
			defaultConfigurationIsVisible = 0;
			defaultConfigurationName = Release;
		};
		7EB621BA29F6C90400B91B70 /* Build configuration list for PBXNativeTarget "Rep API" */ = {
			isa = XCConfigurationList;
			buildConfigurations = (
				7EB621BB29F6C90400B91B70 /* Debug */,
				7EB621BC29F6C90400B91B70 /* Release */,
			);
			defaultConfigurationIsVisible = 0;
			defaultConfigurationName = Release;
		};
		7EB621BD29F6C90400B91B70 /* Build configuration list for PBXNativeTarget "Rep APITests" */ = {
			isa = XCConfigurationList;
			buildConfigurations = (
				7EB621BE29F6C90400B91B70 /* Debug */,
				7EB621BF29F6C90400B91B70 /* Release */,
			);
			defaultConfigurationIsVisible = 0;
			defaultConfigurationName = Release;
		};
		7EB621C029F6C90400B91B70 /* Build configuration list for PBXNativeTarget "Rep APIUITests" */ = {
			isa = XCConfigurationList;
			buildConfigurations = (
				7EB621C129F6C90400B91B70 /* Debug */,
				7EB621C229F6C90400B91B70 /* Release */,
			);
			defaultConfigurationIsVisible = 0;
			defaultConfigurationName = Release;
		};
/* End XCConfigurationList section */
	};
	rootObject = 7EB6218829F6C90200B91B70 /* Project object */;
}
